[root]
name = "r_tetris"
version = "0.0.1"
dependencies = [
 "event 0.0.0 (git+https://github.com/pistondevelopers/event)",
 "event_loop 0.0.0 (git+https://github.com/pistondevelopers/event_loop)",
 "graphics 0.0.0 (git+https://github.com/pistondevelopers/graphics)",
 "input 0.0.0 (git+https://github.com/pistondevelopers/input)",
 "opengl_graphics 0.0.0 (git+https://github.com/PistonDevelopers/opengl_graphics.git)",
 "sdl2_window 0.0.0 (git+https://github.com/pistondevelopers/sdl2_window)",
]

[[package]]
name = "current"
version = "0.0.0"
source = "git+https://github.com/PistonDevelopers/current#281637a9f018f41ed44a1525a0f1666a94d7040a"

[[package]]
name = "event"
version = "0.0.0"
source = "git+https://github.com/pistondevelopers/event#496d8c6bad1f5539aa09d2cb4c2f7f23ab79b40b"
dependencies = [
 "current 0.0.0 (git+https://github.com/PistonDevelopers/current)",
 "event_loop 0.0.0 (git+https://github.com/pistondevelopers/event_loop)",
 "input 0.0.0 (git+https://github.com/pistondevelopers/input)",
 "window 0.0.0 (git+https://github.com/PistonDevelopers/window)",
]

[[package]]
name = "event_loop"
version = "0.0.0"
source = "git+https://github.com/pistondevelopers/event_loop#390bc635dc7236404a357da4e6fc0989fa7dc691"
dependencies = [
 "current 0.0.0 (git+https://github.com/PistonDevelopers/current)",
]

[[package]]
name = "gl"
version = "0.0.1"
source = "git+https://github.com/bjz/gl-rs#218f14c94d79331fc5487f8564dc71f7ec4a22a8"
dependencies = [
 "gl_generator 0.0.1 (git+https://github.com/bjz/gl-rs)",
]

[[package]]
name = "gl_common"
version = "0.0.1"
source = "git+https://github.com/bjz/gl-rs#218f14c94d79331fc5487f8564dc71f7ec4a22a8"

[[package]]
name = "gl_generator"
version = "0.0.1"
source = "git+https://github.com/bjz/gl-rs#218f14c94d79331fc5487f8564dc71f7ec4a22a8"
dependencies = [
 "gl_common 0.0.1 (git+https://github.com/bjz/gl-rs)",
 "khronos_api 0.0.2 (git+https://github.com/bjz/gl-rs)",
 "rust-xml 0.1.0 (git+https://github.com/netvl/rust-xml)",
]

[[package]]
name = "graphics"
version = "0.0.0"
source = "git+https://github.com/pistondevelopers/graphics#d203bab74f7d5e58b98fa8dfc7bf81293c94defb"
dependencies = [
 "texture 0.0.0 (git+https://github.com/pistondevelopers/texture)",
 "vecmath 0.0.0 (git+https://github.com/PistonDevelopers/vecmath)",
]

[[package]]
name = "image"
version = "0.1.0"
source = "git+https://github.com/pistondevelopers/image#858c33df5a1c45d7961d9b8a920233e623728a2a"

[[package]]
name = "input"
version = "0.0.0"
source = "git+https://github.com/pistondevelopers/input#160d6a9896ee771f1096a74c3276c2d5ddd89b0c"

[[package]]
name = "khronos_api"
version = "0.0.2"
source = "git+https://github.com/bjz/gl-rs#218f14c94d79331fc5487f8564dc71f7ec4a22a8"

[[package]]
name = "opengl_graphics"
version = "0.0.0"
source = "git+https://github.com/PistonDevelopers/opengl_graphics.git#944933e3e857ec004a07639ef5bdf6a62b9e3dc7"
dependencies = [
 "gl 0.0.1 (git+https://github.com/bjz/gl-rs)",
 "graphics 0.0.0 (git+https://github.com/pistondevelopers/graphics)",
 "image 0.1.0 (git+https://github.com/pistondevelopers/image)",
 "shader_version 0.0.0 (git+https://github.com/pistondevelopers/shader_version)",
 "texture 0.0.0 (git+https://github.com/pistondevelopers/texture)",
]

[[package]]
name = "rust-xml"
version = "0.1.0"
source = "git+https://github.com/netvl/rust-xml#d6c57380a300b94f7e7881979dbe5459dbe4ca06"

[[package]]
name = "sdl2"
version = "0.0.1-alpha.1"
source = "git+https://github.com/AngryLawyer/rust-sdl2#93cc0d4184b3f66dbced0e46798dc3800717cb3b"

[[package]]
name = "sdl2_window"
version = "0.0.0"
source = "git+https://github.com/pistondevelopers/sdl2_window#ead431f03ab3f9e6cd62f0b118e46ffc84e0e888"
dependencies = [
 "gl 0.0.1 (git+https://github.com/bjz/gl-rs)",
 "input 0.0.0 (git+https://github.com/pistondevelopers/input)",
 "sdl2 0.0.1-alpha.1 (git+https://github.com/AngryLawyer/rust-sdl2)",
 "shader_version 0.0.0 (git+https://github.com/pistondevelopers/shader_version)",
 "window 0.0.0 (git+https://github.com/PistonDevelopers/window)",
]

[[package]]
name = "shader_version"
version = "0.0.0"
source = "git+https://github.com/pistondevelopers/shader_version#c8a52272f66e9e2a1470a26e895d21af2b635171"

[[package]]
name = "texture"
version = "0.0.0"
source = "git+https://github.com/pistondevelopers/texture#0dd5a5f2029b4a56a02f8e528087b93496c6ac52"

[[package]]
name = "vecmath"
version = "0.0.0"
source = "git+https://github.com/PistonDevelopers/vecmath#f6fc01026677be506958dee6f61a40b991fe5bc1"

[[package]]
name = "window"
version = "0.0.0"
source = "git+https://github.com/PistonDevelopers/window#888aeccd551a9bd12cd0324a13b919c1ae34e9ee"
dependencies = [
 "current 0.0.0 (git+https://github.com/PistonDevelopers/current)",
 "event_loop 0.0.0 (git+https://github.com/pistondevelopers/event_loop)",
 "input 0.0.0 (git+https://github.com/pistondevelopers/input)",
]

